
Microsoft Visual Studio Solution File, Format Version 12.00
# Visual Studio Version 16
VisualStudioVersion = 16.0.31205.134
MinimumVisualStudioVersion = 10.0.40219.1
Project("{FAE04EC0-301F-11D3-BF4B-00C04F79EFBC}") = "Winform", "Winform\Winform.csproj", "{0D3FFF88-A8F5-45FC-B3AB-8C38A8C9EDAC}"
EndProject
Global
	GlobalSection(SolutionConfigurationPlatforms) = preSolution
		Debug|Any CPU = Debug|Any CPU
		Release|Any CPU = Release|Any CPU
	EndGlobalSection
	GlobalSection(ProjectConfigurationPlatforms) = postSolution
		{0D3FFF88-A8F5-45FC-B3AB-8C38A8C9EDAC}.Debug|Any CPU.ActiveCfg = Debug|Any CPU
		{0D3FFF88-A8F5-45FC-B3AB-8C38A8C9EDAC}.Debug|Any CPU.Build.0 = Debug|Any CPU
		{0D3FFF88-A8F5-45FC-B3AB-8C38A8C9EDAC}.Release|Any CPU.ActiveCfg = Release|Any CPU
		{0D3FFF88-A8F5-45FC-B3AB-8C38A8C9EDAC}.Release|Any CPU.Build.0 = Release|Any CPU
	EndGlobalSection
	GlobalSection(SolutionProperties) = preSolution
		HideSolutionNode = FALSE
	EndGlobalSection
	GlobalSection(ExtensibilityGlobals) = postSolution
		SolutionGuid = {78BB0A8E-7359-4881-A779-E5DCC97D6B9C}
	EndGlobalSection
EndGlobal
